
Microsoft Visual Studio Solution File, Format Version 11.00
# Visual Studio 2010
Project("{8BC9CEB8-8B4A-11D0-8D11-00A0C91BC942}") = "15-06-05 벡터학생성적", "15-06-05 벡터학생성적.vcxproj", "{4649BB3A-CF7A-47F5-A5BC-CAD97A08070D}"
EndProject
Global
	GlobalSection(SolutionConfigurationPlatforms) = preSolution
		Debug|Win32 = Debug|Win32
		Release|Win32 = Release|Win32
	EndGlobalSection
	GlobalSection(ProjectConfigurationPlatforms) = postSolution
		{4649BB3A-CF7A-47F5-A5BC-CAD97A08070D}.Debug|Win32.ActiveCfg = Debug|Win32
		{4649BB3A-CF7A-47F5-A5BC-CAD97A08070D}.Debug|Win32.Build.0 = Debug|Win32
		{4649BB3A-CF7A-47F5-A5BC-CAD97A08070D}.Release|Win32.ActiveCfg = Release|Win32
		{4649BB3A-CF7A-47F5-A5BC-CAD97A08070D}.Release|Win32.Build.0 = Release|Win32
	EndGlobalSection
	GlobalSection(SolutionProperties) = preSolution
		HideSolutionNode = FALSE
	EndGlobalSection
EndGlobal
