
Microsoft Visual Studio Solution File, Format Version 11.00
# Visual Studio 2010
Project("{8BC9CEB8-8B4A-11D0-8D11-00A0C91BC942}") = "15-06-01 TextRpg Store", "15-06-01 TextRpg Store.vcxproj", "{14050024-583E-42F4-ADBF-DA8C5676026F}"
EndProject
Global
	GlobalSection(SolutionConfigurationPlatforms) = preSolution
		Debug|Win32 = Debug|Win32
		Release|Win32 = Release|Win32
	EndGlobalSection
	GlobalSection(ProjectConfigurationPlatforms) = postSolution
		{14050024-583E-42F4-ADBF-DA8C5676026F}.Debug|Win32.ActiveCfg = Debug|Win32
		{14050024-583E-42F4-ADBF-DA8C5676026F}.Debug|Win32.Build.0 = Debug|Win32
		{14050024-583E-42F4-ADBF-DA8C5676026F}.Release|Win32.ActiveCfg = Release|Win32
		{14050024-583E-42F4-ADBF-DA8C5676026F}.Release|Win32.Build.0 = Release|Win32
	EndGlobalSection
	GlobalSection(SolutionProperties) = preSolution
		HideSolutionNode = FALSE
	EndGlobalSection
EndGlobal
